
Microsoft Visual Studio Solution File, Format Version 12.00
# Visual Studio Version 17
VisualStudioVersion = 17.5.33516.290
MinimumVisualStudioVersion = 10.0.40219.1
Project("{FAE04EC0-301F-11D3-BF4B-00C04F79EFBC}") = "q1_Fibonacci", "q1_Fibonacci\q1_Fibonacci.csproj", "{CBC3DCE8-C04F-436F-AAEF-6A7F2AD43C59}"
EndProject
Global
	GlobalSection(SolutionConfigurationPlatforms) = preSolution
		Debug|Any CPU = Debug|Any CPU
		Release|Any CPU = Release|Any CPU
	EndGlobalSection
	GlobalSection(ProjectConfigurationPlatforms) = postSolution
		{CBC3DCE8-C04F-436F-AAEF-6A7F2AD43C59}.Debug|Any CPU.ActiveCfg = Debug|Any CPU
		{CBC3DCE8-C04F-436F-AAEF-6A7F2AD43C59}.Debug|Any CPU.Build.0 = Debug|Any CPU
		{CBC3DCE8-C04F-436F-AAEF-6A7F2AD43C59}.Release|Any CPU.ActiveCfg = Release|Any CPU
		{CBC3DCE8-C04F-436F-AAEF-6A7F2AD43C59}.Release|Any CPU.Build.0 = Release|Any CPU
	EndGlobalSection
	GlobalSection(SolutionProperties) = preSolution
		HideSolutionNode = FALSE
	EndGlobalSection
	GlobalSection(ExtensibilityGlobals) = postSolution
		SolutionGuid = {EBBE18DE-E79F-407A-A5C4-829327C68A6D}
	EndGlobalSection
EndGlobal
